
Microsoft Visual Studio Solution File, Format Version 12.00
# Visual Studio 14
VisualStudioVersion = 14.0.25420.1
MinimumVisualStudioVersion = 10.0.40219.1
Project("{FAE04EC0-301F-11D3-BF4B-00C04F79EFBC}") = "EFF.DatabaseFirstApproach", "EFF.DatabaseFirstApproach\EFF.DatabaseFirstApproach.csproj", "{667D8418-1E45-46F7-BFAF-F758961B9F4A}"
EndProject
Project("{FAE04EC0-301F-11D3-BF4B-00C04F79EFBC}") = "EFF.CodeFirstApproach", "EFF.CodeFirstApproach\EFF.CodeFirstApproach.csproj", "{A440E1F5-6FFD-421D-895F-F6389D9F5862}"
EndProject
Project("{FAE04EC0-301F-11D3-BF4B-00C04F79EFBC}") = "EFF.Pluto.DbFirstApproach", "EFF.Pluto.DbFirstApproach\EFF.Pluto.DbFirstApproach.csproj", "{07EE27FD-9291-49CF-9CE1-CBA0B3B7E608}"
EndProject
Project("{2150E333-8FDC-42A3-9474-1A3956D46DE8}") = "CodeExamples", "CodeExamples", "{1A30AB75-CAA1-469A-B6A2-9A9BE4318A19}"
EndProject
Project("{FAE04EC0-301F-11D3-BF4B-00C04F79EFBC}") = "Vidzy", "Vidzy\Vidzy.csproj", "{EBD53043-0F59-48B6-B428-12F9BAF22AFF}"
EndProject
Project("{FAE04EC0-301F-11D3-BF4B-00C04F79EFBC}") = "EFF.PlutoCodeFirstApproach", "EFF.PlutoCodeFirstApproach\EFF.PlutoCodeFirstApproach.csproj", "{3D2AF469-427E-4DA0-ABB4-0A99319353CD}"
EndProject
Project("{FAE04EC0-301F-11D3-BF4B-00C04F79EFBC}") = "Vidzy.CodeFirstApproach", "Vidzy.CodeFirstApproach\Vidzy.CodeFirstApproach.csproj", "{7EDC6808-9D1E-4F25-9674-F284D7D2E4ED}"
EndProject
Project("{FAE04EC0-301F-11D3-BF4B-00C04F79EFBC}") = "EFF.DataAnnotations", "EFF.DataAnnotations\EFF.DataAnnotations.csproj", "{0EFECCA0-4B60-4272-A164-F9553672ED94}"
EndProject
Project("{FAE04EC0-301F-11D3-BF4B-00C04F79EFBC}") = "EFF.FluentAPI", "EFF.FluentAPI\EFF.FluentAPI.csproj", "{C71C479F-6915-4B4B-B081-72FED74966EF}"
EndProject
Project("{FAE04EC0-301F-11D3-BF4B-00C04F79EFBC}") = "Vidzy.FluentAPI", "Vidzy.FluentAPI\Vidzy.FluentAPI.csproj", "{916695B4-35C1-48F2-81A1-0A528178534F}"
EndProject
Project("{FAE04EC0-301F-11D3-BF4B-00C04F79EFBC}") = "EFF.LINQ.Fundamentals", "EFF.LINQ.Fundamentals\EFF.LINQ.Fundamentals.csproj", "{D5B762D2-00B1-437B-95BA-401FB2BEBCD7}"
EndProject
Project("{FAE04EC0-301F-11D3-BF4B-00C04F79EFBC}") = "Vidzy.LINQ", "Vidzy.LINQ\Vidzy.LINQ.csproj", "{87138B9C-3C02-45EF-BC49-84746CBEEC6E}"
EndProject
Project("{FAE04EC0-301F-11D3-BF4B-00C04F79EFBC}") = "EFF.RepositoryPattern", "EFF.RepositoryPattern\EFF.RepositoryPattern.csproj", "{8767C29D-0FFE-492C-9137-D8133959A2DB}"
EndProject
Global
	GlobalSection(SolutionConfigurationPlatforms) = preSolution
		Debug|Any CPU = Debug|Any CPU
		Release|Any CPU = Release|Any CPU
	EndGlobalSection
	GlobalSection(ProjectConfigurationPlatforms) = postSolution
		{667D8418-1E45-46F7-BFAF-F758961B9F4A}.Debug|Any CPU.ActiveCfg = Debug|Any CPU
		{667D8418-1E45-46F7-BFAF-F758961B9F4A}.Debug|Any CPU.Build.0 = Debug|Any CPU
		{667D8418-1E45-46F7-BFAF-F758961B9F4A}.Release|Any CPU.ActiveCfg = Release|Any CPU
		{667D8418-1E45-46F7-BFAF-F758961B9F4A}.Release|Any CPU.Build.0 = Release|Any CPU
		{A440E1F5-6FFD-421D-895F-F6389D9F5862}.Debug|Any CPU.ActiveCfg = Debug|Any CPU
		{A440E1F5-6FFD-421D-895F-F6389D9F5862}.Debug|Any CPU.Build.0 = Debug|Any CPU
		{A440E1F5-6FFD-421D-895F-F6389D9F5862}.Release|Any CPU.ActiveCfg = Release|Any CPU
		{A440E1F5-6FFD-421D-895F-F6389D9F5862}.Release|Any CPU.Build.0 = Release|Any CPU
		{07EE27FD-9291-49CF-9CE1-CBA0B3B7E608}.Debug|Any CPU.ActiveCfg = Debug|Any CPU
		{07EE27FD-9291-49CF-9CE1-CBA0B3B7E608}.Debug|Any CPU.Build.0 = Debug|Any CPU
		{07EE27FD-9291-49CF-9CE1-CBA0B3B7E608}.Release|Any CPU.ActiveCfg = Release|Any CPU
		{07EE27FD-9291-49CF-9CE1-CBA0B3B7E608}.Release|Any CPU.Build.0 = Release|Any CPU
		{EBD53043-0F59-48B6-B428-12F9BAF22AFF}.Debug|Any CPU.ActiveCfg = Debug|Any CPU
		{EBD53043-0F59-48B6-B428-12F9BAF22AFF}.Debug|Any CPU.Build.0 = Debug|Any CPU
		{EBD53043-0F59-48B6-B428-12F9BAF22AFF}.Release|Any CPU.ActiveCfg = Release|Any CPU
		{EBD53043-0F59-48B6-B428-12F9BAF22AFF}.Release|Any CPU.Build.0 = Release|Any CPU
		{3D2AF469-427E-4DA0-ABB4-0A99319353CD}.Debug|Any CPU.ActiveCfg = Debug|Any CPU
		{3D2AF469-427E-4DA0-ABB4-0A99319353CD}.Debug|Any CPU.Build.0 = Debug|Any CPU
		{3D2AF469-427E-4DA0-ABB4-0A99319353CD}.Release|Any CPU.ActiveCfg = Release|Any CPU
		{3D2AF469-427E-4DA0-ABB4-0A99319353CD}.Release|Any CPU.Build.0 = Release|Any CPU
		{7EDC6808-9D1E-4F25-9674-F284D7D2E4ED}.Debug|Any CPU.ActiveCfg = Debug|Any CPU
		{7EDC6808-9D1E-4F25-9674-F284D7D2E4ED}.Debug|Any CPU.Build.0 = Debug|Any CPU
		{7EDC6808-9D1E-4F25-9674-F284D7D2E4ED}.Release|Any CPU.ActiveCfg = Release|Any CPU
		{7EDC6808-9D1E-4F25-9674-F284D7D2E4ED}.Release|Any CPU.Build.0 = Release|Any CPU
		{0EFECCA0-4B60-4272-A164-F9553672ED94}.Debug|Any CPU.ActiveCfg = Debug|Any CPU
		{0EFECCA0-4B60-4272-A164-F9553672ED94}.Debug|Any CPU.Build.0 = Debug|Any CPU
		{0EFECCA0-4B60-4272-A164-F9553672ED94}.Release|Any CPU.ActiveCfg = Release|Any CPU
		{0EFECCA0-4B60-4272-A164-F9553672ED94}.Release|Any CPU.Build.0 = Release|Any CPU
		{C71C479F-6915-4B4B-B081-72FED74966EF}.Debug|Any CPU.ActiveCfg = Debug|Any CPU
		{C71C479F-6915-4B4B-B081-72FED74966EF}.Debug|Any CPU.Build.0 = Debug|Any CPU
		{C71C479F-6915-4B4B-B081-72FED74966EF}.Release|Any CPU.ActiveCfg = Release|Any CPU
		{C71C479F-6915-4B4B-B081-72FED74966EF}.Release|Any CPU.Build.0 = Release|Any CPU
		{916695B4-35C1-48F2-81A1-0A528178534F}.Debug|Any CPU.ActiveCfg = Debug|Any CPU
		{916695B4-35C1-48F2-81A1-0A528178534F}.Debug|Any CPU.Build.0 = Debug|Any CPU
		{916695B4-35C1-48F2-81A1-0A528178534F}.Release|Any CPU.ActiveCfg = Release|Any CPU
		{916695B4-35C1-48F2-81A1-0A528178534F}.Release|Any CPU.Build.0 = Release|Any CPU
		{D5B762D2-00B1-437B-95BA-401FB2BEBCD7}.Debug|Any CPU.ActiveCfg = Debug|Any CPU
		{D5B762D2-00B1-437B-95BA-401FB2BEBCD7}.Debug|Any CPU.Build.0 = Debug|Any CPU
		{D5B762D2-00B1-437B-95BA-401FB2BEBCD7}.Release|Any CPU.ActiveCfg = Release|Any CPU
		{D5B762D2-00B1-437B-95BA-401FB2BEBCD7}.Release|Any CPU.Build.0 = Release|Any CPU
		{87138B9C-3C02-45EF-BC49-84746CBEEC6E}.Debug|Any CPU.ActiveCfg = Debug|Any CPU
		{87138B9C-3C02-45EF-BC49-84746CBEEC6E}.Debug|Any CPU.Build.0 = Debug|Any CPU
		{87138B9C-3C02-45EF-BC49-84746CBEEC6E}.Release|Any CPU.ActiveCfg = Release|Any CPU
		{87138B9C-3C02-45EF-BC49-84746CBEEC6E}.Release|Any CPU.Build.0 = Release|Any CPU
		{8767C29D-0FFE-492C-9137-D8133959A2DB}.Debug|Any CPU.ActiveCfg = Debug|Any CPU
		{8767C29D-0FFE-492C-9137-D8133959A2DB}.Debug|Any CPU.Build.0 = Debug|Any CPU
		{8767C29D-0FFE-492C-9137-D8133959A2DB}.Release|Any CPU.ActiveCfg = Release|Any CPU
		{8767C29D-0FFE-492C-9137-D8133959A2DB}.Release|Any CPU.Build.0 = Release|Any CPU
	EndGlobalSection
	GlobalSection(SolutionProperties) = preSolution
		HideSolutionNode = FALSE
	EndGlobalSection
	GlobalSection(NestedProjects) = preSolution
		{EBD53043-0F59-48B6-B428-12F9BAF22AFF} = {1A30AB75-CAA1-469A-B6A2-9A9BE4318A19}
		{7EDC6808-9D1E-4F25-9674-F284D7D2E4ED} = {1A30AB75-CAA1-469A-B6A2-9A9BE4318A19}
		{916695B4-35C1-48F2-81A1-0A528178534F} = {1A30AB75-CAA1-469A-B6A2-9A9BE4318A19}
		{87138B9C-3C02-45EF-BC49-84746CBEEC6E} = {1A30AB75-CAA1-469A-B6A2-9A9BE4318A19}
	EndGlobalSection
EndGlobal
